// !$*UTF8*$!
{
	archiveVersion = 1;
	classes = {
	};
	objectVersion = 46;
	objects = {

/* Begin PBXBuildFile section */
		08C4FE3F19E9D62200F89825 /* AppDelegate.swift in Sources */ = {isa = PBXBuildFile; fileRef = 08C4FE3E19E9D62200F89825 /* AppDelegate.swift */; };
		08C4FE4119E9D62200F89825 /* ViewController.swift in Sources */ = {isa = PBXBuildFile; fileRef = 08C4FE4019E9D62200F89825 /* ViewController.swift */; };
		08C4FE4419E9D62200F89825 /* Main.storyboard in Resources */ = {isa = PBXBuildFile; fileRef = 08C4FE4219E9D62200F89825 /* Main.storyboard */; };
		08C4FE4619E9D62200F89825 /* Images.xcassets in Resources */ = {isa = PBXBuildFile; fileRef = 08C4FE4519E9D62200F89825 /* Images.xcassets */; };
		08C4FE4919E9D62200F89825 /* LaunchScreen.xib in Resources */ = {isa = PBXBuildFile; fileRef = 08C4FE4719E9D62200F89825 /* LaunchScreen.xib */; };
		08C4FE5519E9D62200F89825 /* postcardTests.swift in Sources */ = {isa = PBXBuildFile; fileRef = 08C4FE5419E9D62200F89825 /* postcardTests.swift */; };
		08C4FE5F19EB182800F89825 /* SagradaFamilia.jpeg in Resources */ = {isa = PBXBuildFile; fileRef = 08C4FE5E19EB182800F89825 /* SagradaFamilia.jpeg */; };
		08C4FE6119EC938000F89825 /* AlbertEinsteinStamp.jpg in Resources */ = {isa = PBXBuildFile; fileRef = 08C4FE6019EC938000F89825 /* AlbertEinsteinStamp.jpg */; };
/* End PBXBuildFile section */

/* Begin PBXContainerItemProxy section */
		08C4FE4F19E9D62200F89825 /* PBXContainerItemProxy */ = {
			isa = PBXContainerItemProxy;
			containerPortal = 08C4FE3119E9D62100F89825 /* Project object */;
			proxyType = 1;
			remoteGlobalIDString = 08C4FE3819E9D62100F89825;
			remoteInfo = postcard;
		};
/* End PBXContainerItemProxy section */

/* Begin PBXFileReference section */
		08C4FE3919E9D62200F89825 /* postcard.app */ = {isa = PBXFileReference; explicitFileType = wrapper.application; includeInIndex = 0; path = postcard.app; sourceTree = BUILT_PRODUCTS_DIR; };
		08C4FE3D19E9D62200F89825 /* Info.plist */ = {isa = PBXFileReference; lastKnownFileType = text.plist.xml; path = Info.plist; sourceTree = "<group>"; };
		08C4FE3E19E9D62200F89825 /* AppDelegate.swift */ = {isa = PBXFileReference; lastKnownFileType = sourcecode.swift; path = AppDelegate.swift; sourceTree = "<group>"; };
		08C4FE4019E9D62200F89825 /* ViewController.swift */ = {isa = PBXFileReference; lastKnownFileType = sourcecode.swift; path = ViewController.swift; sourceTree = "<group>"; };
		08C4FE4319E9D62200F89825 /* Base */ = {isa = PBXFileReference; lastKnownFileType = file.storyboard; name = Base; path = Base.lproj/Main.storyboard; sourceTree = "<group>"; };
		08C4FE4519E9D62200F89825 /* Images.xcassets */ = {isa = PBXFileReference; lastKnownFileType = folder.assetcatalog; path = Images.xcassets; sourceTree = "<group>"; };
		08C4FE4819E9D62200F89825 /* Base */ = {isa = PBXFileReference; lastKnownFileType = file.xib; name = Base; path = Base.lproj/LaunchScreen.xib; sourceTree = "<group>"; };
		08C4FE4E19E9D62200F89825 /* postcardTests.xctest */ = {isa = PBXFileReference; explicitFileType = wrapper.cfbundle; includeInIndex = 0; path = postcardTests.xctest; sourceTree = BUILT_PRODUCTS_DIR; };
		08C4FE5319E9D62200F89825 /* Info.plist */ = {isa = PBXFileReference; lastKnownFileType = text.plist.xml; path = Info.plist; sourceTree = "<group>"; };
		08C4FE5419E9D62200F89825 /* postcardTests.swift */ = {isa = PBXFileReference; lastKnownFileType = sourcecode.swift; path = postcardTests.swift; sourceTree = "<group>"; };
		08C4FE5E19EB182800F89825 /* SagradaFamilia.jpeg */ = {isa = PBXFileReference; lastKnownFileType = image.jpeg; path = SagradaFamilia.jpeg; sourceTree = "<group>"; };
		08C4FE6019EC938000F89825 /* AlbertEinsteinStamp.jpg */ = {isa = PBXFileReference; lastKnownFileType = image.jpeg; path = AlbertEinsteinStamp.jpg; sourceTree = "<group>"; };
/* End PBXFileReference section */

/* Begin PBXFrameworksBuildPhase section */
		08C4FE3619E9D62100F89825 /* Frameworks */ = {
			isa = PBXFrameworksBuildPhase;
			buildActionMask = 2147483647;
			files = (
			);
			runOnlyForDeploymentPostprocessing = 0;
		};
		08C4FE4B19E9D62200F89825 /* Frameworks */ = {
			isa = PBXFrameworksBuildPhase;
			buildActionMask = 2147483647;
			files = (
			);
			runOnlyForDeploymentPostprocessing = 0;
		};
/* End PBXFrameworksBuildPhase section */

/* Begin PBXGroup section */
		08C4FE3019E9D62100F89825 = {
			isa = PBXGroup;
			children = (
				08C4FE3B19E9D62200F89825 /* postcard */,
				08C4FE5119E9D62200F89825 /* postcardTests */,
				08C4FE3A19E9D62200F89825 /* Products */,
			);
			sourceTree = "<group>";
		};
		08C4FE3A19E9D62200F89825 /* Products */ = {
			isa = PBXGroup;
			children = (
				08C4FE3919E9D62200F89825 /* postcard.app */,
				08C4FE4E19E9D62200F89825 /* postcardTests.xctest */,
			);
			name = Products;
			sourceTree = "<group>";
		};
		08C4FE3B19E9D62200F89825 /* postcard */ = {
			isa = PBXGroup;
			children = (
				08C4FE3E19E9D62200F89825 /* AppDelegate.swift */,
				08C4FE4019E9D62200F89825 /* ViewController.swift */,
				08C4FE4219E9D62200F89825 /* Main.storyboard */,
				08C4FE4519E9D62200F89825 /* Images.xcassets */,
				08C4FE4719E9D62200F89825 /* LaunchScreen.xib */,
				08C4FE3C19E9D62200F89825 /* Supporting Files */,
			);
			path = postcard;
			sourceTree = "<group>";
		};
		08C4FE3C19E9D62200F89825 /* Supporting Files */ = {
			isa = PBXGroup;
			children = (
				08C4FE6019EC938000F89825 /* AlbertEinsteinStamp.jpg */,
				08C4FE5E19EB182800F89825 /* SagradaFamilia.jpeg */,
				08C4FE3D19E9D62200F89825 /* Info.plist */,
			);
			name = "Supporting Files";
			sourceTree = "<group>";
		};
		08C4FE5119E9D62200F89825 /* postcardTests */ = {
			isa = PBXGroup;
			children = (
				08C4FE5419E9D62200F89825 /* postcardTests.swift */,
				08C4FE5219E9D62200F89825 /* Supporting Files */,
			);
			path = postcardTests;
			sourceTree = "<group>";
		};
		08C4FE5219E9D62200F89825 /* Supporting Files */ = {
			isa = PBXGroup;
			children = (
				08C4FE5319E9D62200F89825 /* Info.plist */,
			);
			name = "Supporting Files";
			sourceTree = "<group>";
		};
/* End PBXGroup section */

/* Begin PBXNativeTarget section */
		08C4FE3819E9D62100F89825 /* postcard */ = {
			isa = PBXNativeTarget;
			buildConfigurationList = 08C4FE5819E9D62200F89825 /* Build configuration list for PBXNativeTarget "postcard" */;
			buildPhases = (
				08C4FE3519E9D62100F89825 /* Sources */,
				08C4FE3619E9D62100F89825 /* Frameworks */,
				08C4FE3719E9D62100F89825 /* Resources */,
			);
			buildRules = (
			);
			dependencies = (
			);
			name = postcard;
			productName = postcard;
			productReference = 08C4FE3919E9D62200F89825 /* postcard.app */;
			productType = "com.apple.product-type.application";
		};
		08C4FE4D19E9D62200F89825 /* postcardTests */ = {
			isa = PBXNativeTarget;
			buildConfigurationList = 08C4FE5B19E9D62200F89825 /* Build configuration list for PBXNativeTarget "postcardTests" */;
			buildPhases = (
				08C4FE4A19E9D62200F89825 /* Sources */,
				08C4FE4B19E9D62200F89825 /* Frameworks */,
				08C4FE4C19E9D62200F89825 /* Resources */,
			);
			buildRules = (
			);
			dependencies = (
				08C4FE5019E9D62200F89825 /* PBXTargetDependency */,
			);
			name = postcardTests;
			productName = postcardTests;
			productReference = 08C4FE4E19E9D62200F89825 /* postcardTests.xctest */;
			productType = "com.apple.product-type.bundle.unit-test";
		};
/* End PBXNativeTarget section */

/* Begin PBXProject section */
		08C4FE3119E9D62100F89825 /* Project object */ = {
			isa = PBXProject;
			attributes = {
				LastUpgradeCheck = 0600;
				ORGANIZATIONNAME = "vincent pribish";
				TargetAttributes = {
					08C4FE3819E9D62100F89825 = {
						CreatedOnToolsVersion = 6.0.1;
						DevelopmentTeam = 6VKJA5Z7F4;
					};
					08C4FE4D19E9D62200F89825 = {
						CreatedOnToolsVersion = 6.0.1;
						TestTargetID = 08C4FE3819E9D62100F89825;
					};
				};
			};
			buildConfigurationList = 08C4FE3419E9D62100F89825 /* Build configuration list for PBXProject "postcard" */;
			compatibilityVersion = "Xcode 3.2";
			developmentRegion = English;
			hasScannedForEncodings = 0;
			knownRegions = (
				en,
				Base,
			);
			mainGroup = 08C4FE3019E9D62100F89825;
			productRefGroup = 08C4FE3A19E9D62200F89825 /* Products */;
			projectDirPath = "";
			projectRoot = "";
			targets = (
				08C4FE3819E9D62100F89825 /* postcard */,
				08C4FE4D19E9D62200F89825 /* postcardTests */,
			);
		};
/* End PBXProject section */

/* Begin PBXResourcesBuildPhase section */
		08C4FE3719E9D62100F89825 /* Resources */ = {
			isa = PBXResourcesBuildPhase;
			buildActionMask = 2147483647;
			files = (
				08C4FE4419E9D62200F89825 /* Main.storyboard in Resources */,
				08C4FE5F19EB182800F89825 /* SagradaFamilia.jpeg in Resources */,
				08C4FE6119EC938000F89825 /* AlbertEinsteinStamp.jpg in Resources */,
				08C4FE4919E9D62200F89825 /* LaunchScreen.xib in Resources */,
				08C4FE4619E9D62200F89825 /* Images.xcassets in Resources */,
			);
			runOnlyForDeploymentPostprocessing = 0;
		};
		08C4FE4C19E9D62200F89825 /* Resources */ = {
			isa = PBXResourcesBuildPhase;
			buildActionMask = 2147483647;
			files = (
			);
			runOnlyForDeploymentPostprocessing = 0;
		};
/* End PBXResourcesBuildPhase section */

/* Begin PBXSourcesBuildPhase section */
		08C4FE3519E9D62100F89825 /* Sources */ = {
			isa = PBXSourcesBuildPhase;
			buildActionMask = 2147483647;
			files = (
				08C4FE4119E9D62200F89825 /* ViewController.swift in Sources */,
				08C4FE3F19E9D62200F89825 /* AppDelegate.swift in Sources */,
			);
			runOnlyForDeploymentPostprocessing = 0;
		};
		08C4FE4A19E9D62200F89825 /* Sources */ = {
			isa = PBXSourcesBuildPhase;
			buildActionMask = 2147483647;
			files = (
				08C4FE5519E9D62200F89825 /* postcardTests.swift in Sources */,
			);
			runOnlyForDeploymentPostprocessing = 0;
		};
/* End PBXSourcesBuildPhase section */

/* Begin PBXTargetDependency section */
		08C4FE5019E9D62200F89825 /* PBXTargetDependency */ = {
			isa = PBXTargetDependency;
			target = 08C4FE3819E9D62100F89825 /* postcard */;
			targetProxy = 08C4FE4F19E9D62200F89825 /* PBXContainerItemProxy */;
		};
/* End PBXTargetDependency section */

/* Begin PBXVariantGroup section */
		08C4FE4219E9D62200F89825 /* Main.storyboard */ = {
			isa = PBXVariantGroup;
			children = (
				08C4FE4319E9D62200F89825 /* Base */,
			);
			name = Main.storyboard;
			sourceTree = "<group>";
		};
		08C4FE4719E9D62200F89825 /* LaunchScreen.xib */ = {
			isa = PBXVariantGroup;
			children = (
				08C4FE4819E9D62200F89825 /* Base */,
			);
			name = LaunchScreen.xib;
			sourceTree = "<group>";
		};
/* End PBXVariantGroup section */

/* Begin XCBuildConfiguration section */
		08C4FE5619E9D62200F89825 /* Debug */ = {
			isa = XCBuildConfiguration;
			buildSettings = {
				ALWAYS_SEARCH_USER_PATHS = NO;
				CLANG_CXX_LANGUAGE_STANDARD = "gnu++0x";
				CLANG_CXX_LIBRARY = "libc++";
				CLANG_ENABLE_MODULES = YES;
				CLANG_ENABLE_OBJC_ARC = YES;
				CLANG_WARN_BOOL_CONVERSION = YES;
				CLANG_WARN_CONSTANT_CONVERSION = YES;
				CLANG_WARN_DIRECT_OBJC_ISA_USAGE = YES_ERROR;
				CLANG_WARN_EMPTY_BODY = YES;
				CLANG_WARN_ENUM_CONVERSION = YES;
				CLANG_WARN_INT_CONVERSION = YES;
				CLANG_WARN_OBJC_ROOT_CLASS = YES_ERROR;
				CLANG_WARN_UNREACHABLE_CODE = YES;
				CLANG_WARN__DUPLICATE_METHOD_MATCH = YES;
				"CODE_SIGN_IDENTITY[sdk=iphoneos*]" = "iPhone Developer";
				COPY_PHASE_STRIP = NO;
				ENABLE_STRICT_OBJC_MSGSEND = YES;
				GCC_C_LANGUAGE_STANDARD = gnu99;
				GCC_DYNAMIC_NO_PIC = NO;
				GCC_OPTIMIZATION_LEVEL = 0;
				GCC_PREPROCESSOR_DEFINITIONS = (
					"DEBUG=1",
					"$(inherited)",
				);
				GCC_SYMBOLS_PRIVATE_EXTERN = NO;
				GCC_WARN_64_TO_32_BIT_CONVERSION = YES;
				GCC_WARN_ABOUT_RETURN_TYPE = YES_ERROR;
				GCC_WARN_UNDECLARED_SELECTOR = YES;
				GCC_WARN_UNINITIALIZED_AUTOS = YES_AGGRESSIVE;
				GCC_WARN_UNUSED_FUNCTION = YES;
				GCC_WARN_UNUSED_VARIABLE = YES;
				IPHONEOS_DEPLOYMENT_TARGET = 8.0;
				MTL_ENABLE_DEBUG_INFO = YES;
				ONLY_ACTIVE_ARCH = YES;
				SDKROOT = iphoneos;
				SWIFT_OPTIMIZATION_LEVEL = "-Onone";
				TARGETED_DEVICE_FAMILY = "1,2";
			};
			name = Debug;
		};
		08C4FE5719E9D62200F89825 /* Release */ = {
			isa = XCBuildConfiguration;
			buildSettings = {
				ALWAYS_SEARCH_USER_PATHS = NO;
				CLANG_CXX_LANGUAGE_STANDARD = "gnu++0x";
				CLANG_CXX_LIBRARY = "libc++";
				CLANG_ENABLE_MODULES = YES;
				CLANG_ENABLE_OBJC_ARC = YES;
				CLANG_WARN_BOOL_CONVERSION = YES;
				CLANG_WARN_CONSTANT_CONVERSION = YES;
				CLANG_WARN_DIRECT_OBJC_ISA_USAGE = YES_ERROR;
				CLANG_WARN_EMPTY_BODY = YES;
				CLANG_WARN_ENUM_CONVERSION = YES;
				CLANG_WARN_INT_CONVERSION = YES;
				CLANG_WARN_OBJC_ROOT_CLASS = YES_ERROR;
				CLANG_WARN_UNREACHABLE_CODE = YES;
				CLANG_WARN__DUPLICATE_METHOD_MATCH = YES;
				"CODE_SIGN_IDENTITY[sdk=iphoneos*]" = "iPhone Developer";
				COPY_PHASE_STRIP = YES;
				ENABLE_NS_ASSERTIONS = NO;
				ENABLE_STRICT_OBJC_MSGSEND = YES;
				GCC_C_LANGUAGE_STANDARD = gnu99;
				GCC_WARN_64_TO_32_BIT_CONVERSION = YES;
				GCC_WARN_ABOUT_RETURN_TYPE = YES_ERROR;
				GCC_WARN_UNDECLARED_SELECTOR = YES;
				GCC_WARN_UNINITIALIZED_AUTOS = YES_AGGRESSIVE;
				GCC_WARN_UNUSED_FUNCTION = YES;
				GCC_WARN_UNUSED_VARIABLE = YES;
				IPHONEOS_DEPLOYMENT_TARGET = 8.0;
				MTL_ENABLE_DEBUG_INFO = NO;
				SDKROOT = iphoneos;
				TARGETED_DEVICE_FAMILY = "1,2";
				VALIDATE_PRODUCT = YES;
			};
			name = Release;
		};
		08C4FE5919E9D62200F89825 /* Debug */ = {
			isa = XCBuildConfiguration;
			buildSettings = {
				ASSETCATALOG_COMPILER_APPICON_NAME = AppIcon;
				CODE_SIGN_IDENTITY = "iPhone Developer";
				"CODE_SIGN_IDENTITY[sdk=iphoneos*]" = "iPhone Developer";
				INFOPLIST_FILE = postcard/Info.plist;
				LD_RUNPATH_SEARCH_PATHS = "$(inherited) @executable_path/Frameworks";
				PRODUCT_NAME = "$(TARGET_NAME)";
				PROVISIONING_PROFILE = "";
			};
			name = Debug;
		};
		08C4FE5A19E9D62200F89825 /* Release */ = {
			isa = XCBuildConfiguration;
			buildSettings = {
				ASSETCATALOG_COMPILER_APPICON_NAME = AppIcon;
				CODE_SIGN_IDENTITY = "iPhone Developer";
				"CODE_SIGN_IDENTITY[sdk=iphoneos*]" = "iPhone Developer";
				INFOPLIST_FILE = postcard/Info.plist;
				LD_RUNPATH_SEARCH_PATHS = "$(inherited) @executable_path/Frameworks";
				PRODUCT_NAME = "$(TARGET_NAME)";
				PROVISIONING_PROFILE = "";
			};
			name = Release;
		};
		08C4FE5C19E9D62200F89825 /* Debug */ = {
			isa = XCBuildConfiguration;
			buildSettings = {
				BUNDLE_LOADER = "$(TEST_HOST)";
				FRAMEWORK_SEARCH_PATHS = (
					"$(SDKROOT)/Developer/Library/Frameworks",
					"$(inherited)",
				);
				GCC_PREPROCESSOR_DEFINITIONS = (
					"DEBUG=1",
					"$(inherited)",
				);
				INFOPLIST_FILE = postcardTests/Info.plist;
				LD_RUNPATH_SEARCH_PATHS = "$(inherited) @executable_path/Frameworks @loader_path/Frameworks";
				PRODUCT_NAME = "$(TARGET_NAME)";
				TEST_HOST = "$(BUILT_PRODUCTS_DIR)/postcard.app/postcard";
			};
			name = Debug;
		};
		08C4FE5D19E9D62200F89825 /* Release */ = {
			isa = XCBuildConfiguration;
			buildSettings = {
				BUNDLE_LOADER = "$(TEST_HOST)";
				FRAMEWORK_SEARCH_PATHS = (
					"$(SDKROOT)/Developer/Library/Frameworks",
					"$(inherited)",
				);
				INFOPLIST_FILE = postcardTests/Info.plist;
				LD_RUNPATH_SEARCH_PATHS = "$(inherited) @executable_path/Frameworks @loader_path/Frameworks";
				PRODUCT_NAME = "$(TARGET_NAME)";
				TEST_HOST = "$(BUILT_PRODUCTS_DIR)/postcard.app/postcard";
			};
			name = Release;
		};
/* End XCBuildConfiguration section */

/* Begin XCConfigurationList section */
		08C4FE3419E9D62100F89825 /* Build configuration list for PBXProject "postcard" */ = {
			isa = XCConfigurationList;
			buildConfigurations = (
				08C4FE5619E9D62200F89825 /* Debug */,
				08C4FE5719E9D62200F89825 /* Release */,
			);
			defaultConfigurationIsVisible = 0;
			defaultConfigurationName = Release;
		};
		08C4FE5819E9D62200F89825 /* Build configuration list for PBXNativeTarget "postcard" */ = {
			isa = XCConfigurationList;
			buildConfigurations = (
				08C4FE5919E9D62200F89825 /* Debug */,
				08C4FE5A19E9D62200F89825 /* Release */,
			);
			defaultConfigurationIsVisible = 0;
		};
		08C4FE5B19E9D62200F89825 /* Build configuration list for PBXNativeTarget "postcardTests" */ = {
			isa = XCConfigurationList;
			buildConfigurations = (
				08C4FE5C19E9D62200F89825 /* Debug */,
				08C4FE5D19E9D62200F89825 /* Release */,
			);
			defaultConfigurationIsVisible = 0;
		};
/* End XCConfigurationList section */
	};
	rootObject = 08C4FE3119E9D62100F89825 /* Project object */;
}
